
Microsoft Visual Studio Solution File, Format Version 12.00
# Visual Studio 15
VisualStudioVersion = 15.0.26403.7
MinimumVisualStudioVersion = 10.0.40219.1
Project("{D954291E-2A0B-460D-934E-DC6B0785DB48}") = "testGesture", "testGesture\testGesture\testGesture.shproj", "{AB7AF48C-32C4-4B8D-A0F9-296AD21E5FD6}"
EndProject
Project("{FAE04EC0-301F-11D3-BF4B-00C04F79EFBC}") = "testGesture.Android", "testGesture\testGesture.Android\testGesture.Android.csproj", "{B85CD79F-FE0B-49B5-9171-BE8036BF8A5C}"
EndProject
Project("{FAE04EC0-301F-11D3-BF4B-00C04F79EFBC}") = "testGesture.iOS", "testGesture\testGesture.iOS\testGesture.iOS.csproj", "{F14B499C-FFA9-4938-AA68-2B3B41CF48FB}"
EndProject
Project("{FAE04EC0-301F-11D3-BF4B-00C04F79EFBC}") = "testGesture.UWP", "testGesture\testGesture.UWP\testGesture.UWP.csproj", "{7C496BD9-304C-4519-BAFF-51FE52B3D9B5}"
EndProject
Global
	GlobalSection(SharedMSBuildProjectFiles) = preSolution
		testGesture\testGesture\testGesture.projitems*{ab7af48c-32c4-4b8d-a0f9-296ad21e5fd6}*SharedItemsImports = 13
		testGesture\testGesture\testGesture.projitems*{b85cd79f-fe0b-49b5-9171-be8036bf8a5c}*SharedItemsImports = 4
		testGesture\testGesture\testGesture.projitems*{f14b499c-ffa9-4938-aa68-2b3b41cf48fb}*SharedItemsImports = 4
	EndGlobalSection
	GlobalSection(SolutionConfigurationPlatforms) = preSolution
		Ad-Hoc|Any CPU = Ad-Hoc|Any CPU
		Ad-Hoc|ARM = Ad-Hoc|ARM
		Ad-Hoc|iPhone = Ad-Hoc|iPhone
		Ad-Hoc|iPhoneSimulator = Ad-Hoc|iPhoneSimulator
		Ad-Hoc|x64 = Ad-Hoc|x64
		Ad-Hoc|x86 = Ad-Hoc|x86
		AppStore|Any CPU = AppStore|Any CPU
		AppStore|ARM = AppStore|ARM
		AppStore|iPhone = AppStore|iPhone
		AppStore|iPhoneSimulator = AppStore|iPhoneSimulator
		AppStore|x64 = AppStore|x64
		AppStore|x86 = AppStore|x86
		Debug|Any CPU = Debug|Any CPU
		Debug|ARM = Debug|ARM
		Debug|iPhone = Debug|iPhone
		Debug|iPhoneSimulator = Debug|iPhoneSimulator
		Debug|x64 = Debug|x64
		Debug|x86 = Debug|x86
		Release|Any CPU = Release|Any CPU
		Release|ARM = Release|ARM
		Release|iPhone = Release|iPhone
		Release|iPhoneSimulator = Release|iPhoneSimulator
		Release|x64 = Release|x64
		Release|x86 = Release|x86
	EndGlobalSection
	GlobalSection(ProjectConfigurationPlatforms) = postSolution
		{B85CD79F-FE0B-49B5-9171-BE8036BF8A5C}.Ad-Hoc|Any CPU.ActiveCfg = Release|Any CPU
		{B85CD79F-FE0B-49B5-9171-BE8036BF8A5C}.Ad-Hoc|Any CPU.Build.0 = Release|Any CPU
		{B85CD79F-FE0B-49B5-9171-BE8036BF8A5C}.Ad-Hoc|Any CPU.Deploy.0 = Release|Any CPU
		{B85CD79F-FE0B-49B5-9171-BE8036BF8A5C}.Ad-Hoc|ARM.ActiveCfg = Release|Any CPU
		{B85CD79F-FE0B-49B5-9171-BE8036BF8A5C}.Ad-Hoc|ARM.Build.0 = Release|Any CPU
		{B85CD79F-FE0B-49B5-9171-BE8036BF8A5C}.Ad-Hoc|ARM.Deploy.0 = Release|Any CPU
		{B85CD79F-FE0B-49B5-9171-BE8036BF8A5C}.Ad-Hoc|iPhone.ActiveCfg = Release|Any CPU
		{B85CD79F-FE0B-49B5-9171-BE8036BF8A5C}.Ad-Hoc|iPhone.Build.0 = Release|Any CPU
		{B85CD79F-FE0B-49B5-9171-BE8036BF8A5C}.Ad-Hoc|iPhone.Deploy.0 = Release|Any CPU
		{B85CD79F-FE0B-49B5-9171-BE8036BF8A5C}.Ad-Hoc|iPhoneSimulator.ActiveCfg = Release|Any CPU
		{B85CD79F-FE0B-49B5-9171-BE8036BF8A5C}.Ad-Hoc|iPhoneSimulator.Build.0 = Release|Any CPU
		{B85CD79F-FE0B-49B5-9171-BE8036BF8A5C}.Ad-Hoc|iPhoneSimulator.Deploy.0 = Release|Any CPU
		{B85CD79F-FE0B-49B5-9171-BE8036BF8A5C}.Ad-Hoc|x64.ActiveCfg = Release|Any CPU
		{B85CD79F-FE0B-49B5-9171-BE8036BF8A5C}.Ad-Hoc|x64.Build.0 = Release|Any CPU
		{B85CD79F-FE0B-49B5-9171-BE8036BF8A5C}.Ad-Hoc|x64.Deploy.0 = Release|Any CPU
		{B85CD79F-FE0B-49B5-9171-BE8036BF8A5C}.Ad-Hoc|x86.ActiveCfg = Release|Any CPU
		{B85CD79F-FE0B-49B5-9171-BE8036BF8A5C}.Ad-Hoc|x86.Build.0 = Release|Any CPU
		{B85CD79F-FE0B-49B5-9171-BE8036BF8A5C}.Ad-Hoc|x86.Deploy.0 = Release|Any CPU
		{B85CD79F-FE0B-49B5-9171-BE8036BF8A5C}.AppStore|Any CPU.ActiveCfg = Release|Any CPU
		{B85CD79F-FE0B-49B5-9171-BE8036BF8A5C}.AppStore|Any CPU.Build.0 = Release|Any CPU
		{B85CD79F-FE0B-49B5-9171-BE8036BF8A5C}.AppStore|Any CPU.Deploy.0 = Release|Any CPU
		{B85CD79F-FE0B-49B5-9171-BE8036BF8A5C}.AppStore|ARM.ActiveCfg = Release|Any CPU
		{B85CD79F-FE0B-49B5-9171-BE8036BF8A5C}.AppStore|ARM.Build.0 = Release|Any CPU
		{B85CD79F-FE0B-49B5-9171-BE8036BF8A5C}.AppStore|ARM.Deploy.0 = Release|Any CPU
		{B85CD79F-FE0B-49B5-9171-BE8036BF8A5C}.AppStore|iPhone.ActiveCfg = Release|Any CPU
		{B85CD79F-FE0B-49B5-9171-BE8036BF8A5C}.AppStore|iPhone.Build.0 = Release|Any CPU
		{B85CD79F-FE0B-49B5-9171-BE8036BF8A5C}.AppStore|iPhone.Deploy.0 = Release|Any CPU
		{B85CD79F-FE0B-49B5-9171-BE8036BF8A5C}.AppStore|iPhoneSimulator.ActiveCfg = Release|Any CPU
		{B85CD79F-FE0B-49B5-9171-BE8036BF8A5C}.AppStore|iPhoneSimulator.Build.0 = Release|Any CPU
		{B85CD79F-FE0B-49B5-9171-BE8036BF8A5C}.AppStore|iPhoneSimulator.Deploy.0 = Release|Any CPU
		{B85CD79F-FE0B-49B5-9171-BE8036BF8A5C}.AppStore|x64.ActiveCfg = Release|Any CPU
		{B85CD79F-FE0B-49B5-9171-BE8036BF8A5C}.AppStore|x64.Build.0 = Release|Any CPU
		{B85CD79F-FE0B-49B5-9171-BE8036BF8A5C}.AppStore|x64.Deploy.0 = Release|Any CPU
		{B85CD79F-FE0B-49B5-9171-BE8036BF8A5C}.AppStore|x86.ActiveCfg = Release|Any CPU
		{B85CD79F-FE0B-49B5-9171-BE8036BF8A5C}.AppStore|x86.Build.0 = Release|Any CPU
		{B85CD79F-FE0B-49B5-9171-BE8036BF8A5C}.AppStore|x86.Deploy.0 = Release|Any CPU
		{B85CD79F-FE0B-49B5-9171-BE8036BF8A5C}.Debug|Any CPU.ActiveCfg = Debug|Any CPU
		{B85CD79F-FE0B-49B5-9171-BE8036BF8A5C}.Debug|Any CPU.Build.0 = Debug|Any CPU
		{B85CD79F-FE0B-49B5-9171-BE8036BF8A5C}.Debug|Any CPU.Deploy.0 = Debug|Any CPU
		{B85CD79F-FE0B-49B5-9171-BE8036BF8A5C}.Debug|ARM.ActiveCfg = Debug|Any CPU
		{B85CD79F-FE0B-49B5-9171-BE8036BF8A5C}.Debug|ARM.Build.0 = Debug|Any CPU
		{B85CD79F-FE0B-49B5-9171-BE8036BF8A5C}.Debug|ARM.Deploy.0 = Debug|Any CPU
		{B85CD79F-FE0B-49B5-9171-BE8036BF8A5C}.Debug|iPhone.ActiveCfg = Debug|Any CPU
		{B85CD79F-FE0B-49B5-9171-BE8036BF8A5C}.Debug|iPhone.Build.0 = Debug|Any CPU
		{B85CD79F-FE0B-49B5-9171-BE8036BF8A5C}.Debug|iPhone.Deploy.0 = Debug|Any CPU
		{B85CD79F-FE0B-49B5-9171-BE8036BF8A5C}.Debug|iPhoneSimulator.ActiveCfg = Debug|Any CPU
		{B85CD79F-FE0B-49B5-9171-BE8036BF8A5C}.Debug|iPhoneSimulator.Build.0 = Debug|Any CPU
		{B85CD79F-FE0B-49B5-9171-BE8036BF8A5C}.Debug|iPhoneSimulator.Deploy.0 = Debug|Any CPU
		{B85CD79F-FE0B-49B5-9171-BE8036BF8A5C}.Debug|x64.ActiveCfg = Debug|Any CPU
		{B85CD79F-FE0B-49B5-9171-BE8036BF8A5C}.Debug|x64.Build.0 = Debug|Any CPU
		{B85CD79F-FE0B-49B5-9171-BE8036BF8A5C}.Debug|x64.Deploy.0 = Debug|Any CPU
		{B85CD79F-FE0B-49B5-9171-BE8036BF8A5C}.Debug|x86.ActiveCfg = Debug|Any CPU
		{B85CD79F-FE0B-49B5-9171-BE8036BF8A5C}.Debug|x86.Build.0 = Debug|Any CPU
		{B85CD79F-FE0B-49B5-9171-BE8036BF8A5C}.Debug|x86.Deploy.0 = Debug|Any CPU
		{B85CD79F-FE0B-49B5-9171-BE8036BF8A5C}.Release|Any CPU.ActiveCfg = Release|Any CPU
		{B85CD79F-FE0B-49B5-9171-BE8036BF8A5C}.Release|Any CPU.Build.0 = Release|Any CPU
		{B85CD79F-FE0B-49B5-9171-BE8036BF8A5C}.Release|Any CPU.Deploy.0 = Release|Any CPU
		{B85CD79F-FE0B-49B5-9171-BE8036BF8A5C}.Release|ARM.ActiveCfg = Release|Any CPU
		{B85CD79F-FE0B-49B5-9171-BE8036BF8A5C}.Release|ARM.Build.0 = Release|Any CPU
		{B85CD79F-FE0B-49B5-9171-BE8036BF8A5C}.Release|ARM.Deploy.0 = Release|Any CPU
		{B85CD79F-FE0B-49B5-9171-BE8036BF8A5C}.Release|iPhone.ActiveCfg = Release|Any CPU
		{B85CD79F-FE0B-49B5-9171-BE8036BF8A5C}.Release|iPhone.Build.0 = Release|Any CPU
		{B85CD79F-FE0B-49B5-9171-BE8036BF8A5C}.Release|iPhone.Deploy.0 = Release|Any CPU
		{B85CD79F-FE0B-49B5-9171-BE8036BF8A5C}.Release|iPhoneSimulator.ActiveCfg = Release|Any CPU
		{B85CD79F-FE0B-49B5-9171-BE8036BF8A5C}.Release|iPhoneSimulator.Build.0 = Release|Any CPU
		{B85CD79F-FE0B-49B5-9171-BE8036BF8A5C}.Release|iPhoneSimulator.Deploy.0 = Release|Any CPU
		{B85CD79F-FE0B-49B5-9171-BE8036BF8A5C}.Release|x64.ActiveCfg = Release|Any CPU
		{B85CD79F-FE0B-49B5-9171-BE8036BF8A5C}.Release|x64.Build.0 = Release|Any CPU
		{B85CD79F-FE0B-49B5-9171-BE8036BF8A5C}.Release|x64.Deploy.0 = Release|Any CPU
		{B85CD79F-FE0B-49B5-9171-BE8036BF8A5C}.Release|x86.ActiveCfg = Release|Any CPU
		{B85CD79F-FE0B-49B5-9171-BE8036BF8A5C}.Release|x86.Build.0 = Release|Any CPU
		{B85CD79F-FE0B-49B5-9171-BE8036BF8A5C}.Release|x86.Deploy.0 = Release|Any CPU
		{F14B499C-FFA9-4938-AA68-2B3B41CF48FB}.Ad-Hoc|Any CPU.ActiveCfg = Ad-Hoc|iPhone
		{F14B499C-FFA9-4938-AA68-2B3B41CF48FB}.Ad-Hoc|ARM.ActiveCfg = Ad-Hoc|iPhone
		{F14B499C-FFA9-4938-AA68-2B3B41CF48FB}.Ad-Hoc|iPhone.ActiveCfg = Ad-Hoc|iPhone
		{F14B499C-FFA9-4938-AA68-2B3B41CF48FB}.Ad-Hoc|iPhone.Build.0 = Ad-Hoc|iPhone
		{F14B499C-FFA9-4938-AA68-2B3B41CF48FB}.Ad-Hoc|iPhoneSimulator.ActiveCfg = Ad-Hoc|iPhoneSimulator
		{F14B499C-FFA9-4938-AA68-2B3B41CF48FB}.Ad-Hoc|iPhoneSimulator.Build.0 = Ad-Hoc|iPhoneSimulator
		{F14B499C-FFA9-4938-AA68-2B3B41CF48FB}.Ad-Hoc|x64.ActiveCfg = Ad-Hoc|iPhone
		{F14B499C-FFA9-4938-AA68-2B3B41CF48FB}.Ad-Hoc|x86.ActiveCfg = Ad-Hoc|iPhone
		{F14B499C-FFA9-4938-AA68-2B3B41CF48FB}.AppStore|Any CPU.ActiveCfg = AppStore|iPhone
		{F14B499C-FFA9-4938-AA68-2B3B41CF48FB}.AppStore|ARM.ActiveCfg = AppStore|iPhone
		{F14B499C-FFA9-4938-AA68-2B3B41CF48FB}.AppStore|iPhone.ActiveCfg = AppStore|iPhone
		{F14B499C-FFA9-4938-AA68-2B3B41CF48FB}.AppStore|iPhone.Build.0 = AppStore|iPhone
		{F14B499C-FFA9-4938-AA68-2B3B41CF48FB}.AppStore|iPhoneSimulator.ActiveCfg = AppStore|iPhoneSimulator
		{F14B499C-FFA9-4938-AA68-2B3B41CF48FB}.AppStore|iPhoneSimulator.Build.0 = AppStore|iPhoneSimulator
		{F14B499C-FFA9-4938-AA68-2B3B41CF48FB}.AppStore|x64.ActiveCfg = AppStore|iPhone
		{F14B499C-FFA9-4938-AA68-2B3B41CF48FB}.AppStore|x86.ActiveCfg = AppStore|iPhone
		{F14B499C-FFA9-4938-AA68-2B3B41CF48FB}.Debug|Any CPU.ActiveCfg = Debug|iPhone
		{F14B499C-FFA9-4938-AA68-2B3B41CF48FB}.Debug|ARM.ActiveCfg = Debug|iPhone
		{F14B499C-FFA9-4938-AA68-2B3B41CF48FB}.Debug|iPhone.ActiveCfg = Debug|iPhone
		{F14B499C-FFA9-4938-AA68-2B3B41CF48FB}.Debug|iPhone.Build.0 = Debug|iPhone
		{F14B499C-FFA9-4938-AA68-2B3B41CF48FB}.Debug|iPhoneSimulator.ActiveCfg = Debug|iPhoneSimulator
		{F14B499C-FFA9-4938-AA68-2B3B41CF48FB}.Debug|iPhoneSimulator.Build.0 = Debug|iPhoneSimulator
		{F14B499C-FFA9-4938-AA68-2B3B41CF48FB}.Debug|x64.ActiveCfg = Debug|iPhone
		{F14B499C-FFA9-4938-AA68-2B3B41CF48FB}.Debug|x86.ActiveCfg = Debug|iPhone
		{F14B499C-FFA9-4938-AA68-2B3B41CF48FB}.Release|Any CPU.ActiveCfg = Release|iPhone
		{F14B499C-FFA9-4938-AA68-2B3B41CF48FB}.Release|ARM.ActiveCfg = Release|iPhone
		{F14B499C-FFA9-4938-AA68-2B3B41CF48FB}.Release|iPhone.ActiveCfg = Release|iPhone
		{F14B499C-FFA9-4938-AA68-2B3B41CF48FB}.Release|iPhone.Build.0 = Release|iPhone
		{F14B499C-FFA9-4938-AA68-2B3B41CF48FB}.Release|iPhoneSimulator.ActiveCfg = Release|iPhoneSimulator
		{F14B499C-FFA9-4938-AA68-2B3B41CF48FB}.Release|iPhoneSimulator.Build.0 = Release|iPhoneSimulator
		{F14B499C-FFA9-4938-AA68-2B3B41CF48FB}.Release|x64.ActiveCfg = Release|iPhone
		{F14B499C-FFA9-4938-AA68-2B3B41CF48FB}.Release|x86.ActiveCfg = Release|iPhone
		{7C496BD9-304C-4519-BAFF-51FE52B3D9B5}.Ad-Hoc|Any CPU.ActiveCfg = Release|x86
		{7C496BD9-304C-4519-BAFF-51FE52B3D9B5}.Ad-Hoc|Any CPU.Build.0 = Release|x86
		{7C496BD9-304C-4519-BAFF-51FE52B3D9B5}.Ad-Hoc|Any CPU.Deploy.0 = Release|x86
		{7C496BD9-304C-4519-BAFF-51FE52B3D9B5}.Ad-Hoc|ARM.ActiveCfg = Release|ARM
		{7C496BD9-304C-4519-BAFF-51FE52B3D9B5}.Ad-Hoc|ARM.Build.0 = Release|ARM
		{7C496BD9-304C-4519-BAFF-51FE52B3D9B5}.Ad-Hoc|ARM.Deploy.0 = Release|ARM
		{7C496BD9-304C-4519-BAFF-51FE52B3D9B5}.Ad-Hoc|iPhone.ActiveCfg = Release|x86
		{7C496BD9-304C-4519-BAFF-51FE52B3D9B5}.Ad-Hoc|iPhone.Build.0 = Release|x86
		{7C496BD9-304C-4519-BAFF-51FE52B3D9B5}.Ad-Hoc|iPhone.Deploy.0 = Release|x86
		{7C496BD9-304C-4519-BAFF-51FE52B3D9B5}.Ad-Hoc|iPhoneSimulator.ActiveCfg = Release|x86
		{7C496BD9-304C-4519-BAFF-51FE52B3D9B5}.Ad-Hoc|iPhoneSimulator.Build.0 = Release|x86
		{7C496BD9-304C-4519-BAFF-51FE52B3D9B5}.Ad-Hoc|iPhoneSimulator.Deploy.0 = Release|x86
		{7C496BD9-304C-4519-BAFF-51FE52B3D9B5}.Ad-Hoc|x64.ActiveCfg = Release|x64
		{7C496BD9-304C-4519-BAFF-51FE52B3D9B5}.Ad-Hoc|x64.Build.0 = Release|x64
		{7C496BD9-304C-4519-BAFF-51FE52B3D9B5}.Ad-Hoc|x64.Deploy.0 = Release|x64
		{7C496BD9-304C-4519-BAFF-51FE52B3D9B5}.Ad-Hoc|x86.ActiveCfg = Release|x86
		{7C496BD9-304C-4519-BAFF-51FE52B3D9B5}.Ad-Hoc|x86.Build.0 = Release|x86
		{7C496BD9-304C-4519-BAFF-51FE52B3D9B5}.Ad-Hoc|x86.Deploy.0 = Release|x86
		{7C496BD9-304C-4519-BAFF-51FE52B3D9B5}.AppStore|Any CPU.ActiveCfg = Release|x86
		{7C496BD9-304C-4519-BAFF-51FE52B3D9B5}.AppStore|Any CPU.Build.0 = Release|x86
		{7C496BD9-304C-4519-BAFF-51FE52B3D9B5}.AppStore|Any CPU.Deploy.0 = Release|x86
		{7C496BD9-304C-4519-BAFF-51FE52B3D9B5}.AppStore|ARM.ActiveCfg = Release|ARM
		{7C496BD9-304C-4519-BAFF-51FE52B3D9B5}.AppStore|ARM.Build.0 = Release|ARM
		{7C496BD9-304C-4519-BAFF-51FE52B3D9B5}.AppStore|ARM.Deploy.0 = Release|ARM
		{7C496BD9-304C-4519-BAFF-51FE52B3D9B5}.AppStore|iPhone.ActiveCfg = Release|x86
		{7C496BD9-304C-4519-BAFF-51FE52B3D9B5}.AppStore|iPhone.Build.0 = Release|x86
		{7C496BD9-304C-4519-BAFF-51FE52B3D9B5}.AppStore|iPhone.Deploy.0 = Release|x86
		{7C496BD9-304C-4519-BAFF-51FE52B3D9B5}.AppStore|iPhoneSimulator.ActiveCfg = Release|x86
		{7C496BD9-304C-4519-BAFF-51FE52B3D9B5}.AppStore|iPhoneSimulator.Build.0 = Release|x86
		{7C496BD9-304C-4519-BAFF-51FE52B3D9B5}.AppStore|iPhoneSimulator.Deploy.0 = Release|x86
		{7C496BD9-304C-4519-BAFF-51FE52B3D9B5}.AppStore|x64.ActiveCfg = Release|x64
		{7C496BD9-304C-4519-BAFF-51FE52B3D9B5}.AppStore|x64.Build.0 = Release|x64
		{7C496BD9-304C-4519-BAFF-51FE52B3D9B5}.AppStore|x64.Deploy.0 = Release|x64
		{7C496BD9-304C-4519-BAFF-51FE52B3D9B5}.AppStore|x86.ActiveCfg = Release|x86
		{7C496BD9-304C-4519-BAFF-51FE52B3D9B5}.AppStore|x86.Build.0 = Release|x86
		{7C496BD9-304C-4519-BAFF-51FE52B3D9B5}.AppStore|x86.Deploy.0 = Release|x86
		{7C496BD9-304C-4519-BAFF-51FE52B3D9B5}.Debug|Any CPU.ActiveCfg = Debug|x86
		{7C496BD9-304C-4519-BAFF-51FE52B3D9B5}.Debug|Any CPU.Build.0 = Debug|x86
		{7C496BD9-304C-4519-BAFF-51FE52B3D9B5}.Debug|Any CPU.Deploy.0 = Debug|x86
		{7C496BD9-304C-4519-BAFF-51FE52B3D9B5}.Debug|ARM.ActiveCfg = Debug|ARM
		{7C496BD9-304C-4519-BAFF-51FE52B3D9B5}.Debug|ARM.Build.0 = Debug|ARM
		{7C496BD9-304C-4519-BAFF-51FE52B3D9B5}.Debug|ARM.Deploy.0 = Debug|ARM
		{7C496BD9-304C-4519-BAFF-51FE52B3D9B5}.Debug|iPhone.ActiveCfg = Debug|x86
		{7C496BD9-304C-4519-BAFF-51FE52B3D9B5}.Debug|iPhoneSimulator.ActiveCfg = Debug|x86
		{7C496BD9-304C-4519-BAFF-51FE52B3D9B5}.Debug|x64.ActiveCfg = Debug|x64
		{7C496BD9-304C-4519-BAFF-51FE52B3D9B5}.Debug|x64.Build.0 = Debug|x64
		{7C496BD9-304C-4519-BAFF-51FE52B3D9B5}.Debug|x64.Deploy.0 = Debug|x64
		{7C496BD9-304C-4519-BAFF-51FE52B3D9B5}.Debug|x86.ActiveCfg = Debug|x86
		{7C496BD9-304C-4519-BAFF-51FE52B3D9B5}.Debug|x86.Build.0 = Debug|x86
		{7C496BD9-304C-4519-BAFF-51FE52B3D9B5}.Debug|x86.Deploy.0 = Debug|x86
		{7C496BD9-304C-4519-BAFF-51FE52B3D9B5}.Release|Any CPU.ActiveCfg = Release|x86
		{7C496BD9-304C-4519-BAFF-51FE52B3D9B5}.Release|ARM.ActiveCfg = Release|ARM
		{7C496BD9-304C-4519-BAFF-51FE52B3D9B5}.Release|ARM.Build.0 = Release|ARM
		{7C496BD9-304C-4519-BAFF-51FE52B3D9B5}.Release|ARM.Deploy.0 = Release|ARM
		{7C496BD9-304C-4519-BAFF-51FE52B3D9B5}.Release|iPhone.ActiveCfg = Release|x86
		{7C496BD9-304C-4519-BAFF-51FE52B3D9B5}.Release|iPhoneSimulator.ActiveCfg = Release|x86
		{7C496BD9-304C-4519-BAFF-51FE52B3D9B5}.Release|x64.ActiveCfg = Release|x64
		{7C496BD9-304C-4519-BAFF-51FE52B3D9B5}.Release|x64.Build.0 = Release|x64
		{7C496BD9-304C-4519-BAFF-51FE52B3D9B5}.Release|x64.Deploy.0 = Release|x64
		{7C496BD9-304C-4519-BAFF-51FE52B3D9B5}.Release|x86.ActiveCfg = Release|x86
		{7C496BD9-304C-4519-BAFF-51FE52B3D9B5}.Release|x86.Build.0 = Release|x86
		{7C496BD9-304C-4519-BAFF-51FE52B3D9B5}.Release|x86.Deploy.0 = Release|x86
	EndGlobalSection
	GlobalSection(SolutionProperties) = preSolution
		HideSolutionNode = FALSE
	EndGlobalSection
EndGlobal
